
Microsoft Visual Studio Solution File, Format Version 12.00
# Visual Studio 15
VisualStudioVersion = 15.0.28307.960
MinimumVisualStudioVersion = 10.0.40219.1
Project("{FAE04EC0-301F-11D3-BF4B-00C04F79EFBC}") = "WebApplication1", "WebApplication1\WebApplication1.csproj", "{EC05D833-ECA7-4CC3-AE3A-AA943695F28F}"
EndProject
Project("{FAE04EC0-301F-11D3-BF4B-00C04F79EFBC}") = "UnitTestProject1", "UnitTestProject1\UnitTestProject1.csproj", "{67EC79E5-30D0-45AD-8D13-857549D171B2}"
EndProject
Global
	GlobalSection(SolutionConfigurationPlatforms) = preSolution
		Debug|Any CPU = Debug|Any CPU
		Release|Any CPU = Release|Any CPU
	EndGlobalSection
	GlobalSection(ProjectConfigurationPlatforms) = postSolution
		{EC05D833-ECA7-4CC3-AE3A-AA943695F28F}.Debug|Any CPU.ActiveCfg = Debug|Any CPU
		{EC05D833-ECA7-4CC3-AE3A-AA943695F28F}.Debug|Any CPU.Build.0 = Debug|Any CPU
		{EC05D833-ECA7-4CC3-AE3A-AA943695F28F}.Release|Any CPU.ActiveCfg = Release|Any CPU
		{EC05D833-ECA7-4CC3-AE3A-AA943695F28F}.Release|Any CPU.Build.0 = Release|Any CPU
		{67EC79E5-30D0-45AD-8D13-857549D171B2}.Debug|Any CPU.ActiveCfg = Debug|Any CPU
		{67EC79E5-30D0-45AD-8D13-857549D171B2}.Debug|Any CPU.Build.0 = Debug|Any CPU
		{67EC79E5-30D0-45AD-8D13-857549D171B2}.Release|Any CPU.ActiveCfg = Release|Any CPU
		{67EC79E5-30D0-45AD-8D13-857549D171B2}.Release|Any CPU.Build.0 = Release|Any CPU
	EndGlobalSection
	GlobalSection(SolutionProperties) = preSolution
		HideSolutionNode = FALSE
	EndGlobalSection
	GlobalSection(ExtensibilityGlobals) = postSolution
		SolutionGuid = {1504335C-2C22-47D5-890E-30B4119B01E8}
	EndGlobalSection
EndGlobal
